
Microsoft Visual Studio Solution File, Format Version 12.00
# Visual Studio Version 17
VisualStudioVersion = 17.4.33213.308
MinimumVisualStudioVersion = 10.0.40219.1
Project("{FAE04EC0-301F-11D3-BF4B-00C04F79EFBC}") = "01.02.23", "01.02.23\01.02.23.csproj", "{516FAA47-F0B6-4388-8E4F-263581E36D7B}"
EndProject
Global
	GlobalSection(SolutionConfigurationPlatforms) = preSolution
		Debug|Any CPU = Debug|Any CPU
		Release|Any CPU = Release|Any CPU
	EndGlobalSection
	GlobalSection(ProjectConfigurationPlatforms) = postSolution
		{516FAA47-F0B6-4388-8E4F-263581E36D7B}.Debug|Any CPU.ActiveCfg = Debug|Any CPU
		{516FAA47-F0B6-4388-8E4F-263581E36D7B}.Debug|Any CPU.Build.0 = Debug|Any CPU
		{516FAA47-F0B6-4388-8E4F-263581E36D7B}.Release|Any CPU.ActiveCfg = Release|Any CPU
		{516FAA47-F0B6-4388-8E4F-263581E36D7B}.Release|Any CPU.Build.0 = Release|Any CPU
	EndGlobalSection
	GlobalSection(SolutionProperties) = preSolution
		HideSolutionNode = FALSE
	EndGlobalSection
	GlobalSection(ExtensibilityGlobals) = postSolution
		SolutionGuid = {21D0D0EA-C78B-4F34-85E3-C357194334E2}
	EndGlobalSection
EndGlobal
