
Microsoft Visual Studio Solution File, Format Version 12.00
# Visual Studio Version 17
VisualStudioVersion = 17.4.33213.308
MinimumVisualStudioVersion = 10.0.40219.1
Project("{FAE04EC0-301F-11D3-BF4B-00C04F79EFBC}") = "09.02.23 classwork", "09.02.23 classwork\09.02.23 classwork.csproj", "{02C39FE5-3E71-4F43-B4FD-8CB0DE2D0DFE}"
EndProject
Global
	GlobalSection(SolutionConfigurationPlatforms) = preSolution
		Debug|Any CPU = Debug|Any CPU
		Release|Any CPU = Release|Any CPU
	EndGlobalSection
	GlobalSection(ProjectConfigurationPlatforms) = postSolution
		{02C39FE5-3E71-4F43-B4FD-8CB0DE2D0DFE}.Debug|Any CPU.ActiveCfg = Debug|Any CPU
		{02C39FE5-3E71-4F43-B4FD-8CB0DE2D0DFE}.Debug|Any CPU.Build.0 = Debug|Any CPU
		{02C39FE5-3E71-4F43-B4FD-8CB0DE2D0DFE}.Release|Any CPU.ActiveCfg = Release|Any CPU
		{02C39FE5-3E71-4F43-B4FD-8CB0DE2D0DFE}.Release|Any CPU.Build.0 = Release|Any CPU
	EndGlobalSection
	GlobalSection(SolutionProperties) = preSolution
		HideSolutionNode = FALSE
	EndGlobalSection
	GlobalSection(ExtensibilityGlobals) = postSolution
		SolutionGuid = {32F6B574-8650-4418-A677-B2063A727547}
	EndGlobalSection
EndGlobal
