
Microsoft Visual Studio Solution File, Format Version 12.00
# Visual Studio Version 17
VisualStudioVersion = 17.4.33213.308
MinimumVisualStudioVersion = 10.0.40219.1
Project("{FAE04EC0-301F-11D3-BF4B-00C04F79EFBC}") = "26.01.23", "26.01.23\26.01.23.csproj", "{37534515-8D2D-4AAD-BEFC-88518BCF9A9C}"
EndProject
Global
	GlobalSection(SolutionConfigurationPlatforms) = preSolution
		Debug|Any CPU = Debug|Any CPU
		Release|Any CPU = Release|Any CPU
	EndGlobalSection
	GlobalSection(ProjectConfigurationPlatforms) = postSolution
		{37534515-8D2D-4AAD-BEFC-88518BCF9A9C}.Debug|Any CPU.ActiveCfg = Debug|Any CPU
		{37534515-8D2D-4AAD-BEFC-88518BCF9A9C}.Debug|Any CPU.Build.0 = Debug|Any CPU
		{37534515-8D2D-4AAD-BEFC-88518BCF9A9C}.Release|Any CPU.ActiveCfg = Release|Any CPU
		{37534515-8D2D-4AAD-BEFC-88518BCF9A9C}.Release|Any CPU.Build.0 = Release|Any CPU
	EndGlobalSection
	GlobalSection(SolutionProperties) = preSolution
		HideSolutionNode = FALSE
	EndGlobalSection
	GlobalSection(ExtensibilityGlobals) = postSolution
		SolutionGuid = {C982D9F1-4A32-4023-A32F-53FC2B2C2174}
	EndGlobalSection
EndGlobal
