
Microsoft Visual Studio Solution File, Format Version 12.00
# Visual Studio Version 17
VisualStudioVersion = 17.4.33213.308
MinimumVisualStudioVersion = 10.0.40219.1
Project("{FAE04EC0-301F-11D3-BF4B-00C04F79EFBC}") = "30.01.23", "30.01.23\30.01.23.csproj", "{B46797E0-F973-4F29-8C23-19EE073F00BB}"
EndProject
Global
	GlobalSection(SolutionConfigurationPlatforms) = preSolution
		Debug|Any CPU = Debug|Any CPU
		Release|Any CPU = Release|Any CPU
	EndGlobalSection
	GlobalSection(ProjectConfigurationPlatforms) = postSolution
		{B46797E0-F973-4F29-8C23-19EE073F00BB}.Debug|Any CPU.ActiveCfg = Debug|Any CPU
		{B46797E0-F973-4F29-8C23-19EE073F00BB}.Debug|Any CPU.Build.0 = Debug|Any CPU
		{B46797E0-F973-4F29-8C23-19EE073F00BB}.Release|Any CPU.ActiveCfg = Release|Any CPU
		{B46797E0-F973-4F29-8C23-19EE073F00BB}.Release|Any CPU.Build.0 = Release|Any CPU
	EndGlobalSection
	GlobalSection(SolutionProperties) = preSolution
		HideSolutionNode = FALSE
	EndGlobalSection
	GlobalSection(ExtensibilityGlobals) = postSolution
		SolutionGuid = {C356C3E3-1045-457B-9A38-2E19D11B2EED}
	EndGlobalSection
EndGlobal
