
Microsoft Visual Studio Solution File, Format Version 12.00
# Visual Studio Version 17
VisualStudioVersion = 17.4.33213.308
MinimumVisualStudioVersion = 10.0.40219.1
Project("{FAE04EC0-301F-11D3-BF4B-00C04F79EFBC}") = "30.01.2023", "30.01.2023\30.01.2023.csproj", "{02A1802A-96C5-4EC3-A809-9E12D161DD01}"
EndProject
Global
	GlobalSection(SolutionConfigurationPlatforms) = preSolution
		Debug|Any CPU = Debug|Any CPU
		Release|Any CPU = Release|Any CPU
	EndGlobalSection
	GlobalSection(ProjectConfigurationPlatforms) = postSolution
		{02A1802A-96C5-4EC3-A809-9E12D161DD01}.Debug|Any CPU.ActiveCfg = Debug|Any CPU
		{02A1802A-96C5-4EC3-A809-9E12D161DD01}.Debug|Any CPU.Build.0 = Debug|Any CPU
		{02A1802A-96C5-4EC3-A809-9E12D161DD01}.Release|Any CPU.ActiveCfg = Release|Any CPU
		{02A1802A-96C5-4EC3-A809-9E12D161DD01}.Release|Any CPU.Build.0 = Release|Any CPU
	EndGlobalSection
	GlobalSection(SolutionProperties) = preSolution
		HideSolutionNode = FALSE
	EndGlobalSection
	GlobalSection(ExtensibilityGlobals) = postSolution
		SolutionGuid = {3EEE2872-C8D8-4E38-909D-D0EEEDE511BF}
	EndGlobalSection
EndGlobal
