
Microsoft Visual Studio Solution File, Format Version 12.00
# Visual Studio Version 17
VisualStudioVersion = 17.4.33213.308
MinimumVisualStudioVersion = 10.0.40219.1
Project("{FAE04EC0-301F-11D3-BF4B-00C04F79EFBC}") = "07.02.23", "07.02.23\07.02.23.csproj", "{74E97769-CB9E-4894-81D9-5645BF8FC562}"
EndProject
Global
	GlobalSection(SolutionConfigurationPlatforms) = preSolution
		Debug|Any CPU = Debug|Any CPU
		Release|Any CPU = Release|Any CPU
	EndGlobalSection
	GlobalSection(ProjectConfigurationPlatforms) = postSolution
		{74E97769-CB9E-4894-81D9-5645BF8FC562}.Debug|Any CPU.ActiveCfg = Debug|Any CPU
		{74E97769-CB9E-4894-81D9-5645BF8FC562}.Debug|Any CPU.Build.0 = Debug|Any CPU
		{74E97769-CB9E-4894-81D9-5645BF8FC562}.Release|Any CPU.ActiveCfg = Release|Any CPU
		{74E97769-CB9E-4894-81D9-5645BF8FC562}.Release|Any CPU.Build.0 = Release|Any CPU
	EndGlobalSection
	GlobalSection(SolutionProperties) = preSolution
		HideSolutionNode = FALSE
	EndGlobalSection
	GlobalSection(ExtensibilityGlobals) = postSolution
		SolutionGuid = {E92C4A24-5755-42DB-AEFF-27ACD014B246}
	EndGlobalSection
EndGlobal
