
Microsoft Visual Studio Solution File, Format Version 12.00
# Visual Studio Version 17
VisualStudioVersion = 17.4.33213.308
MinimumVisualStudioVersion = 10.0.40219.1
Project("{FAE04EC0-301F-11D3-BF4B-00C04F79EFBC}") = "13.02.23", "13.02.23\13.02.23.csproj", "{F32F7EF5-1C54-47F2-8821-98DB505A3D74}"
EndProject
Global
	GlobalSection(SolutionConfigurationPlatforms) = preSolution
		Debug|Any CPU = Debug|Any CPU
		Release|Any CPU = Release|Any CPU
	EndGlobalSection
	GlobalSection(ProjectConfigurationPlatforms) = postSolution
		{F32F7EF5-1C54-47F2-8821-98DB505A3D74}.Debug|Any CPU.ActiveCfg = Debug|Any CPU
		{F32F7EF5-1C54-47F2-8821-98DB505A3D74}.Debug|Any CPU.Build.0 = Debug|Any CPU
		{F32F7EF5-1C54-47F2-8821-98DB505A3D74}.Release|Any CPU.ActiveCfg = Release|Any CPU
		{F32F7EF5-1C54-47F2-8821-98DB505A3D74}.Release|Any CPU.Build.0 = Release|Any CPU
	EndGlobalSection
	GlobalSection(SolutionProperties) = preSolution
		HideSolutionNode = FALSE
	EndGlobalSection
	GlobalSection(ExtensibilityGlobals) = postSolution
		SolutionGuid = {3538E2B4-5993-4C98-930D-F54A7BAED998}
	EndGlobalSection
EndGlobal
