
Microsoft Visual Studio Solution File, Format Version 12.00
# Visual Studio Version 17
VisualStudioVersion = 17.4.33213.308
MinimumVisualStudioVersion = 10.0.40219.1
Project("{FAE04EC0-301F-11D3-BF4B-00C04F79EFBC}") = "15.02.23", "15.02.23\15.02.23.csproj", "{3EFFCADB-FC32-4169-9323-7B5D5925874E}"
EndProject
Global
	GlobalSection(SolutionConfigurationPlatforms) = preSolution
		Debug|Any CPU = Debug|Any CPU
		Release|Any CPU = Release|Any CPU
	EndGlobalSection
	GlobalSection(ProjectConfigurationPlatforms) = postSolution
		{3EFFCADB-FC32-4169-9323-7B5D5925874E}.Debug|Any CPU.ActiveCfg = Debug|Any CPU
		{3EFFCADB-FC32-4169-9323-7B5D5925874E}.Debug|Any CPU.Build.0 = Debug|Any CPU
		{3EFFCADB-FC32-4169-9323-7B5D5925874E}.Release|Any CPU.ActiveCfg = Release|Any CPU
		{3EFFCADB-FC32-4169-9323-7B5D5925874E}.Release|Any CPU.Build.0 = Release|Any CPU
	EndGlobalSection
	GlobalSection(SolutionProperties) = preSolution
		HideSolutionNode = FALSE
	EndGlobalSection
	GlobalSection(ExtensibilityGlobals) = postSolution
		SolutionGuid = {B105D176-2894-49A0-A566-ADA58D8BA700}
	EndGlobalSection
EndGlobal
